// !$*UTF8*$!
{
	archiveVersion = 1;
	classes = {
	};
	objectVersion = 56;
	objects = {

/* Begin PBXBuildFile section */
		2A8327952A5F4DDF007CE35F /* AppDelegate.swift in Sources */ = {isa = PBXBuildFile; fileRef = 2A8327942A5F4DDF007CE35F /* AppDelegate.swift */; };
		2A8327972A5F4DDF007CE35F /* ViewController.swift in Sources */ = {isa = PBXBuildFile; fileRef = 2A8327962A5F4DDF007CE35F /* ViewController.swift */; };
		2A8327992A5F4DE0007CE35F /* Assets.xcassets in Resources */ = {isa = PBXBuildFile; fileRef = 2A8327982A5F4DE0007CE35F /* Assets.xcassets */; };
		2A83279C2A5F4DE0007CE35F /* Main.storyboard in Resources */ = {isa = PBXBuildFile; fileRef = 2A83279A2A5F4DE0007CE35F /* Main.storyboard */; };
		2A8327A72A5F4DE0007CE35F /* Hours_TrackerTests.swift in Sources */ = {isa = PBXBuildFile; fileRef = 2A8327A62A5F4DE0007CE35F /* Hours_TrackerTests.swift */; };
		2A8327B12A5F4DE0007CE35F /* Hours_TrackerUITests.swift in Sources */ = {isa = PBXBuildFile; fileRef = 2A8327B02A5F4DE0007CE35F /* Hours_TrackerUITests.swift */; };
		2A8327B32A5F4DE0007CE35F /* Hours_TrackerUITestsLaunchTests.swift in Sources */ = {isa = PBXBuildFile; fileRef = 2A8327B22A5F4DE0007CE35F /* Hours_TrackerUITestsLaunchTests.swift */; };
		2A8327C12A605C9F007CE35F /* Python3.framework in Frameworks */ = {isa = PBXBuildFile; fileRef = 2A8327C02A605C9F007CE35F /* Python3.framework */; };
		2A8327C22A605C9F007CE35F /* Python3.framework in Embed Frameworks */ = {isa = PBXBuildFile; fileRef = 2A8327C02A605C9F007CE35F /* Python3.framework */; settings = {ATTRIBUTES = (CodeSignOnCopy, RemoveHeadersOnCopy, ); }; };
/* End PBXBuildFile section */

/* Begin PBXContainerItemProxy section */
		2A8327A32A5F4DE0007CE35F /* PBXContainerItemProxy */ = {
			isa = PBXContainerItemProxy;
			containerPortal = 2A8327892A5F4DDF007CE35F /* Project object */;
			proxyType = 1;
			remoteGlobalIDString = 2A8327902A5F4DDF007CE35F;
			remoteInfo = "Hours Tracker";
		};
		2A8327AD2A5F4DE0007CE35F /* PBXContainerItemProxy */ = {
			isa = PBXContainerItemProxy;
			containerPortal = 2A8327892A5F4DDF007CE35F /* Project object */;
			proxyType = 1;
			remoteGlobalIDString = 2A8327902A5F4DDF007CE35F;
			remoteInfo = "Hours Tracker";
		};
/* End PBXContainerItemProxy section */

/* Begin PBXCopyFilesBuildPhase section */
		2A8327C32A605C9F007CE35F /* Embed Frameworks */ = {
			isa = PBXCopyFilesBuildPhase;
			buildActionMask = 2147483647;
			dstPath = "";
			dstSubfolderSpec = 10;
			files = (
				2A8327C22A605C9F007CE35F /* Python3.framework in Embed Frameworks */,
			);
			name = "Embed Frameworks";
			runOnlyForDeploymentPostprocessing = 0;
		};
/* End PBXCopyFilesBuildPhase section */

/* Begin PBXFileReference section */
		2A8327912A5F4DDF007CE35F /* Hours Tracker.app */ = {isa = PBXFileReference; explicitFileType = wrapper.application; includeInIndex = 0; path = "Hours Tracker.app"; sourceTree = BUILT_PRODUCTS_DIR; };
		2A8327942A5F4DDF007CE35F /* AppDelegate.swift */ = {isa = PBXFileReference; lastKnownFileType = sourcecode.swift; path = AppDelegate.swift; sourceTree = "<group>"; };
		2A8327962A5F4DDF007CE35F /* ViewController.swift */ = {isa = PBXFileReference; lastKnownFileType = sourcecode.swift; path = ViewController.swift; sourceTree = "<group>"; };
		2A8327982A5F4DE0007CE35F /* Assets.xcassets */ = {isa = PBXFileReference; lastKnownFileType = folder.assetcatalog; path = Assets.xcassets; sourceTree = "<group>"; };
		2A83279B2A5F4DE0007CE35F /* Base */ = {isa = PBXFileReference; lastKnownFileType = file.storyboard; name = Base; path = Base.lproj/Main.storyboard; sourceTree = "<group>"; };
		2A83279D2A5F4DE0007CE35F /* Hours_Tracker.entitlements */ = {isa = PBXFileReference; lastKnownFileType = text.plist.entitlements; path = Hours_Tracker.entitlements; sourceTree = "<group>"; };
		2A8327A22A5F4DE0007CE35F /* Hours TrackerTests.xctest */ = {isa = PBXFileReference; explicitFileType = wrapper.cfbundle; includeInIndex = 0; path = "Hours TrackerTests.xctest"; sourceTree = BUILT_PRODUCTS_DIR; };
		2A8327A62A5F4DE0007CE35F /* Hours_TrackerTests.swift */ = {isa = PBXFileReference; lastKnownFileType = sourcecode.swift; path = Hours_TrackerTests.swift; sourceTree = "<group>"; };
		2A8327AC2A5F4DE0007CE35F /* Hours TrackerUITests.xctest */ = {isa = PBXFileReference; explicitFileType = wrapper.cfbundle; includeInIndex = 0; path = "Hours TrackerUITests.xctest"; sourceTree = BUILT_PRODUCTS_DIR; };
		2A8327B02A5F4DE0007CE35F /* Hours_TrackerUITests.swift */ = {isa = PBXFileReference; lastKnownFileType = sourcecode.swift; path = Hours_TrackerUITests.swift; sourceTree = "<group>"; };
		2A8327B22A5F4DE0007CE35F /* Hours_TrackerUITestsLaunchTests.swift */ = {isa = PBXFileReference; lastKnownFileType = sourcecode.swift; path = Hours_TrackerUITestsLaunchTests.swift; sourceTree = "<group>"; };
		2A8327C02A605C9F007CE35F /* Python3.framework */ = {isa = PBXFileReference; lastKnownFileType = wrapper.framework; name = Python3.framework; path = Library/Frameworks/Python3.framework; sourceTree = DEVELOPER_DIR; };
/* End PBXFileReference section */

/* Begin PBXFrameworksBuildPhase section */
		2A83278E2A5F4DDF007CE35F /* Frameworks */ = {
			isa = PBXFrameworksBuildPhase;
			buildActionMask = 2147483647;
			files = (
				2A8327C12A605C9F007CE35F /* Python3.framework in Frameworks */,
			);
			runOnlyForDeploymentPostprocessing = 0;
		};
		2A83279F2A5F4DE0007CE35F /* Frameworks */ = {
			isa = PBXFrameworksBuildPhase;
			buildActionMask = 2147483647;
			files = (
			);
			runOnlyForDeploymentPostprocessing = 0;
		};
		2A8327A92A5F4DE0007CE35F /* Frameworks */ = {
			isa = PBXFrameworksBuildPhase;
			buildActionMask = 2147483647;
			files = (
			);
			runOnlyForDeploymentPostprocessing = 0;
		};
/* End PBXFrameworksBuildPhase section */

/* Begin PBXGroup section */
		2A8327882A5F4DDF007CE35F = {
			isa = PBXGroup;
			children = (
				2A8327932A5F4DDF007CE35F /* Hours Tracker */,
				2A8327A52A5F4DE0007CE35F /* Hours TrackerTests */,
				2A8327AF2A5F4DE0007CE35F /* Hours TrackerUITests */,
				2A8327922A5F4DDF007CE35F /* Products */,
				2A8327BF2A605C9F007CE35F /* Frameworks */,
			);
			sourceTree = "<group>";
		};
		2A8327922A5F4DDF007CE35F /* Products */ = {
			isa = PBXGroup;
			children = (
				2A8327912A5F4DDF007CE35F /* Hours Tracker.app */,
				2A8327A22A5F4DE0007CE35F /* Hours TrackerTests.xctest */,
				2A8327AC2A5F4DE0007CE35F /* Hours TrackerUITests.xctest */,
			);
			name = Products;
			sourceTree = "<group>";
		};
		2A8327932A5F4DDF007CE35F /* Hours Tracker */ = {
			isa = PBXGroup;
			children = (
				2A8327942A5F4DDF007CE35F /* AppDelegate.swift */,
				2A8327962A5F4DDF007CE35F /* ViewController.swift */,
				2A8327982A5F4DE0007CE35F /* Assets.xcassets */,
				2A83279A2A5F4DE0007CE35F /* Main.storyboard */,
				2A83279D2A5F4DE0007CE35F /* Hours_Tracker.entitlements */,
			);
			path = "Hours Tracker";
			sourceTree = "<group>";
		};
		2A8327A52A5F4DE0007CE35F /* Hours TrackerTests */ = {
			isa = PBXGroup;
			children = (
				2A8327A62A5F4DE0007CE35F /* Hours_TrackerTests.swift */,
			);
			path = "Hours TrackerTests";
			sourceTree = "<group>";
		};
		2A8327AF2A5F4DE0007CE35F /* Hours TrackerUITests */ = {
			isa = PBXGroup;
			children = (
				2A8327B02A5F4DE0007CE35F /* Hours_TrackerUITests.swift */,
				2A8327B22A5F4DE0007CE35F /* Hours_TrackerUITestsLaunchTests.swift */,
			);
			path = "Hours TrackerUITests";
			sourceTree = "<group>";
		};
		2A8327BF2A605C9F007CE35F /* Frameworks */ = {
			isa = PBXGroup;
			children = (
				2A8327C02A605C9F007CE35F /* Python3.framework */,
			);
			name = Frameworks;
			sourceTree = "<group>";
		};
/* End PBXGroup section */

/* Begin PBXNativeTarget section */
		2A8327902A5F4DDF007CE35F /* Hours Tracker */ = {
			isa = PBXNativeTarget;
			buildConfigurationList = 2A8327B62A5F4DE0007CE35F /* Build configuration list for PBXNativeTarget "Hours Tracker" */;
			buildPhases = (
				2A83278D2A5F4DDF007CE35F /* Sources */,
				2A83278E2A5F4DDF007CE35F /* Frameworks */,
				2A83278F2A5F4DDF007CE35F /* Resources */,
				2A8327C32A605C9F007CE35F /* Embed Frameworks */,
			);
			buildRules = (
			);
			dependencies = (
			);
			name = "Hours Tracker";
			productName = "Hours Tracker";
			productReference = 2A8327912A5F4DDF007CE35F /* Hours Tracker.app */;
			productType = "com.apple.product-type.application";
		};
		2A8327A12A5F4DE0007CE35F /* Hours TrackerTests */ = {
			isa = PBXNativeTarget;
			buildConfigurationList = 2A8327B92A5F4DE0007CE35F /* Build configuration list for PBXNativeTarget "Hours TrackerTests" */;
			buildPhases = (
				2A83279E2A5F4DE0007CE35F /* Sources */,
				2A83279F2A5F4DE0007CE35F /* Frameworks */,
				2A8327A02A5F4DE0007CE35F /* Resources */,
			);
			buildRules = (
			);
			dependencies = (
				2A8327A42A5F4DE0007CE35F /* PBXTargetDependency */,
			);
			name = "Hours TrackerTests";
			productName = "Hours TrackerTests";
			productReference = 2A8327A22A5F4DE0007CE35F /* Hours TrackerTests.xctest */;
			productType = "com.apple.product-type.bundle.unit-test";
		};
		2A8327AB2A5F4DE0007CE35F /* Hours TrackerUITests */ = {
			isa = PBXNativeTarget;
			buildConfigurationList = 2A8327BC2A5F4DE0007CE35F /* Build configuration list for PBXNativeTarget "Hours TrackerUITests" */;
			buildPhases = (
				2A8327A82A5F4DE0007CE35F /* Sources */,
				2A8327A92A5F4DE0007CE35F /* Frameworks */,
				2A8327AA2A5F4DE0007CE35F /* Resources */,
			);
			buildRules = (
			);
			dependencies = (
				2A8327AE2A5F4DE0007CE35F /* PBXTargetDependency */,
			);
			name = "Hours TrackerUITests";
			productName = "Hours TrackerUITests";
			productReference = 2A8327AC2A5F4DE0007CE35F /* Hours TrackerUITests.xctest */;
			productType = "com.apple.product-type.bundle.ui-testing";
		};
/* End PBXNativeTarget section */

/* Begin PBXProject section */
		2A8327892A5F4DDF007CE35F /* Project object */ = {
			isa = PBXProject;
			attributes = {
				BuildIndependentTargetsInParallel = 1;
				LastSwiftUpdateCheck = 1430;
				LastUpgradeCheck = 1430;
				TargetAttributes = {
					2A8327902A5F4DDF007CE35F = {
						CreatedOnToolsVersion = 14.3.1;
					};
					2A8327A12A5F4DE0007CE35F = {
						CreatedOnToolsVersion = 14.3.1;
						TestTargetID = 2A8327902A5F4DDF007CE35F;
					};
					2A8327AB2A5F4DE0007CE35F = {
						CreatedOnToolsVersion = 14.3.1;
						TestTargetID = 2A8327902A5F4DDF007CE35F;
					};
				};
			};
			buildConfigurationList = 2A83278C2A5F4DDF007CE35F /* Build configuration list for PBXProject "Hours Tracker" */;
			compatibilityVersion = "Xcode 14.0";
			developmentRegion = en;
			hasScannedForEncodings = 0;
			knownRegions = (
				en,
				Base,
			);
			mainGroup = 2A8327882A5F4DDF007CE35F;
			productRefGroup = 2A8327922A5F4DDF007CE35F /* Products */;
			projectDirPath = "";
			projectRoot = "";
			targets = (
				2A8327902A5F4DDF007CE35F /* Hours Tracker */,
				2A8327A12A5F4DE0007CE35F /* Hours TrackerTests */,
				2A8327AB2A5F4DE0007CE35F /* Hours TrackerUITests */,
			);
		};
/* End PBXProject section */

/* Begin PBXResourcesBuildPhase section */
		2A83278F2A5F4DDF007CE35F /* Resources */ = {
			isa = PBXResourcesBuildPhase;
			buildActionMask = 2147483647;
			files = (
				2A8327992A5F4DE0007CE35F /* Assets.xcassets in Resources */,
				2A83279C2A5F4DE0007CE35F /* Main.storyboard in Resources */,
			);
			runOnlyForDeploymentPostprocessing = 0;
		};
		2A8327A02A5F4DE0007CE35F /* Resources */ = {
			isa = PBXResourcesBuildPhase;
			buildActionMask = 2147483647;
			files = (
			);
			runOnlyForDeploymentPostprocessing = 0;
		};
		2A8327AA2A5F4DE0007CE35F /* Resources */ = {
			isa = PBXResourcesBuildPhase;
			buildActionMask = 2147483647;
			files = (
			);
			runOnlyForDeploymentPostprocessing = 0;
		};
/* End PBXResourcesBuildPhase section */

/* Begin PBXSourcesBuildPhase section */
		2A83278D2A5F4DDF007CE35F /* Sources */ = {
			isa = PBXSourcesBuildPhase;
			buildActionMask = 2147483647;
			files = (
				2A8327972A5F4DDF007CE35F /* ViewController.swift in Sources */,
				2A8327952A5F4DDF007CE35F /* AppDelegate.swift in Sources */,
			);
			runOnlyForDeploymentPostprocessing = 0;
		};
		2A83279E2A5F4DE0007CE35F /* Sources */ = {
			isa = PBXSourcesBuildPhase;
			buildActionMask = 2147483647;
			files = (
				2A8327A72A5F4DE0007CE35F /* Hours_TrackerTests.swift in Sources */,
			);
			runOnlyForDeploymentPostprocessing = 0;
		};
		2A8327A82A5F4DE0007CE35F /* Sources */ = {
			isa = PBXSourcesBuildPhase;
			buildActionMask = 2147483647;
			files = (
				2A8327B12A5F4DE0007CE35F /* Hours_TrackerUITests.swift in Sources */,
				2A8327B32A5F4DE0007CE35F /* Hours_TrackerUITestsLaunchTests.swift in Sources */,
			);
			runOnlyForDeploymentPostprocessing = 0;
		};
/* End PBXSourcesBuildPhase section */

/* Begin PBXTargetDependency section */
		2A8327A42A5F4DE0007CE35F /* PBXTargetDependency */ = {
			isa = PBXTargetDependency;
			target = 2A8327902A5F4DDF007CE35F /* Hours Tracker */;
			targetProxy = 2A8327A32A5F4DE0007CE35F /* PBXContainerItemProxy */;
		};
		2A8327AE2A5F4DE0007CE35F /* PBXTargetDependency */ = {
			isa = PBXTargetDependency;
			target = 2A8327902A5F4DDF007CE35F /* Hours Tracker */;
			targetProxy = 2A8327AD2A5F4DE0007CE35F /* PBXContainerItemProxy */;
		};
/* End PBXTargetDependency section */

/* Begin PBXVariantGroup section */
		2A83279A2A5F4DE0007CE35F /* Main.storyboard */ = {
			isa = PBXVariantGroup;
			children = (
				2A83279B2A5F4DE0007CE35F /* Base */,
			);
			name = Main.storyboard;
			sourceTree = "<group>";
		};
/* End PBXVariantGroup section */

/* Begin XCBuildConfiguration section */
		2A8327B42A5F4DE0007CE35F /* Debug */ = {
			isa = XCBuildConfiguration;
			buildSettings = {
				ALWAYS_SEARCH_USER_PATHS = NO;
				CLANG_ANALYZER_NONNULL = YES;
				CLANG_ANALYZER_NUMBER_OBJECT_CONVERSION = YES_AGGRESSIVE;
				CLANG_CXX_LANGUAGE_STANDARD = "gnu++20";
				CLANG_ENABLE_MODULES = YES;
				CLANG_ENABLE_OBJC_ARC = YES;
				CLANG_ENABLE_OBJC_WEAK = YES;
				CLANG_WARN_BLOCK_CAPTURE_AUTORELEASING = YES;
				CLANG_WARN_BOOL_CONVERSION = YES;
				CLANG_WARN_COMMA = YES;
				CLANG_WARN_CONSTANT_CONVERSION = YES;
				CLANG_WARN_DEPRECATED_OBJC_IMPLEMENTATIONS = YES;
				CLANG_WARN_DIRECT_OBJC_ISA_USAGE = YES_ERROR;
				CLANG_WARN_DOCUMENTATION_COMMENTS = YES;
				CLANG_WARN_EMPTY_BODY = YES;
				CLANG_WARN_ENUM_CONVERSION = YES;
				CLANG_WARN_INFINITE_RECURSION = YES;
				CLANG_WARN_INT_CONVERSION = YES;
				CLANG_WARN_NON_LITERAL_NULL_CONVERSION = YES;
				CLANG_WARN_OBJC_IMPLICIT_RETAIN_SELF = YES;
				CLANG_WARN_OBJC_LITERAL_CONVERSION = YES;
				CLANG_WARN_OBJC_ROOT_CLASS = YES_ERROR;
				CLANG_WARN_QUOTED_INCLUDE_IN_FRAMEWORK_HEADER = YES;
				CLANG_WARN_RANGE_LOOP_ANALYSIS = YES;
				CLANG_WARN_STRICT_PROTOTYPES = YES;
				CLANG_WARN_SUSPICIOUS_MOVE = YES;
				CLANG_WARN_UNGUARDED_AVAILABILITY = YES_AGGRESSIVE;
				CLANG_WARN_UNREACHABLE_CODE = YES;
				CLANG_WARN__DUPLICATE_METHOD_MATCH = YES;
				COPY_PHASE_STRIP = NO;
				DEBUG_INFORMATION_FORMAT = dwarf;
				ENABLE_STRICT_OBJC_MSGSEND = YES;
				ENABLE_TESTABILITY = YES;
				GCC_C_LANGUAGE_STANDARD = gnu11;
				GCC_DYNAMIC_NO_PIC = NO;
				GCC_NO_COMMON_BLOCKS = YES;
				GCC_OPTIMIZATION_LEVEL = 0;
				GCC_PREPROCESSOR_DEFINITIONS = (
					"DEBUG=1",
					"$(inherited)",
				);
				GCC_WARN_64_TO_32_BIT_CONVERSION = YES;
				GCC_WARN_ABOUT_RETURN_TYPE = YES_ERROR;
				GCC_WARN_UNDECLARED_SELECTOR = YES;
				GCC_WARN_UNINITIALIZED_AUTOS = YES_AGGRESSIVE;
				GCC_WARN_UNUSED_FUNCTION = YES;
				GCC_WARN_UNUSED_VARIABLE = YES;
				MACOSX_DEPLOYMENT_TARGET = 13.0;
				MTL_ENABLE_DEBUG_INFO = INCLUDE_SOURCE;
				MTL_FAST_MATH = YES;
				ONLY_ACTIVE_ARCH = YES;
				SDKROOT = macosx;
				SWIFT_ACTIVE_COMPILATION_CONDITIONS = DEBUG;
				SWIFT_OPTIMIZATION_LEVEL = "-Onone";
			};
			name = Debug;
		};
		2A8327B52A5F4DE0007CE35F /* Release */ = {
			isa = XCBuildConfiguration;
			buildSettings = {
				ALWAYS_SEARCH_USER_PATHS = NO;
				CLANG_ANALYZER_NONNULL = YES;
				CLANG_ANALYZER_NUMBER_OBJECT_CONVERSION = YES_AGGRESSIVE;
				CLANG_CXX_LANGUAGE_STANDARD = "gnu++20";
				CLANG_ENABLE_MODULES = YES;
				CLANG_ENABLE_OBJC_ARC = YES;
				CLANG_ENABLE_OBJC_WEAK = YES;
				CLANG_WARN_BLOCK_CAPTURE_AUTORELEASING = YES;
				CLANG_WARN_BOOL_CONVERSION = YES;
				CLANG_WARN_COMMA = YES;
				CLANG_WARN_CONSTANT_CONVERSION = YES;
				CLANG_WARN_DEPRECATED_OBJC_IMPLEMENTATIONS = YES;
				CLANG_WARN_DIRECT_OBJC_ISA_USAGE = YES_ERROR;
				CLANG_WARN_DOCUMENTATION_COMMENTS = YES;
				CLANG_WARN_EMPTY_BODY = YES;
				CLANG_WARN_ENUM_CONVERSION = YES;
				CLANG_WARN_INFINITE_RECURSION = YES;
				CLANG_WARN_INT_CONVERSION = YES;
				CLANG_WARN_NON_LITERAL_NULL_CONVERSION = YES;
				CLANG_WARN_OBJC_IMPLICIT_RETAIN_SELF = YES;
				CLANG_WARN_OBJC_LITERAL_CONVERSION = YES;
				CLANG_WARN_OBJC_ROOT_CLASS = YES_ERROR;
				CLANG_WARN_QUOTED_INCLUDE_IN_FRAMEWORK_HEADER = YES;
				CLANG_WARN_RANGE_LOOP_ANALYSIS = YES;
				CLANG_WARN_STRICT_PROTOTYPES = YES;
				CLANG_WARN_SUSPICIOUS_MOVE = YES;
				CLANG_WARN_UNGUARDED_AVAILABILITY = YES_AGGRESSIVE;
				CLANG_WARN_UNREACHABLE_CODE = YES;
				CLANG_WARN__DUPLICATE_METHOD_MATCH = YES;
				COPY_PHASE_STRIP = NO;
				DEBUG_INFORMATION_FORMAT = "dwarf-with-dsym";
				ENABLE_NS_ASSERTIONS = NO;
				ENABLE_STRICT_OBJC_MSGSEND = YES;
				GCC_C_LANGUAGE_STANDARD = gnu11;
				GCC_NO_COMMON_BLOCKS = YES;
				GCC_WARN_64_TO_32_BIT_CONVERSION = YES;
				GCC_WARN_ABOUT_RETURN_TYPE = YES_ERROR;
				GCC_WARN_UNDECLARED_SELECTOR = YES;
				GCC_WARN_UNINITIALIZED_AUTOS = YES_AGGRESSIVE;
				GCC_WARN_UNUSED_FUNCTION = YES;
				GCC_WARN_UNUSED_VARIABLE = YES;
				MACOSX_DEPLOYMENT_TARGET = 13.0;
				MTL_ENABLE_DEBUG_INFO = NO;
				MTL_FAST_MATH = YES;
				SDKROOT = macosx;
				SWIFT_COMPILATION_MODE = wholemodule;
				SWIFT_OPTIMIZATION_LEVEL = "-O";
			};
			name = Release;
		};
		2A8327B72A5F4DE0007CE35F /* Debug */ = {
			isa = XCBuildConfiguration;
			buildSettings = {
				ASSETCATALOG_COMPILER_APPICON_NAME = AppIcon;
				ASSETCATALOG_COMPILER_GLOBAL_ACCENT_COLOR_NAME = AccentColor;
				CODE_SIGN_ENTITLEMENTS = "Hours Tracker/Hours_Tracker.entitlements";
				CODE_SIGN_STYLE = Automatic;
				COMBINE_HIDPI_IMAGES = YES;
				CURRENT_PROJECT_VERSION = 1;
				"FRAMEWORK_SEARCH_PATHS[arch=*]" = "";
				GENERATE_INFOPLIST_FILE = YES;
				INFOPLIST_KEY_NSHumanReadableCopyright = "";
				INFOPLIST_KEY_NSMainStoryboardFile = Main;
				INFOPLIST_KEY_NSPrincipalClass = NSApplication;
				LD_RUNPATH_SEARCH_PATHS = (
					"$(inherited)",
					"@executable_path/../Frameworks",
				);
				MARKETING_VERSION = 1.0;
				PRODUCT_BUNDLE_IDENTIFIER = "SFNWA.Hours-Tracker";
				PRODUCT_NAME = "$(TARGET_NAME)";
				SWIFT_EMIT_LOC_STRINGS = YES;
				SWIFT_VERSION = 5.0;
			};
			name = Debug;
		};
		2A8327B82A5F4DE0007CE35F /* Release */ = {
			isa = XCBuildConfiguration;
			buildSettings = {
				ASSETCATALOG_COMPILER_APPICON_NAME = AppIcon;
				ASSETCATALOG_COMPILER_GLOBAL_ACCENT_COLOR_NAME = AccentColor;
				CODE_SIGN_ENTITLEMENTS = "Hours Tracker/Hours_Tracker.entitlements";
				CODE_SIGN_STYLE = Automatic;
				COMBINE_HIDPI_IMAGES = YES;
				CURRENT_PROJECT_VERSION = 1;
				GENERATE_INFOPLIST_FILE = YES;
				INFOPLIST_KEY_NSHumanReadableCopyright = "";
				INFOPLIST_KEY_NSMainStoryboardFile = Main;
				INFOPLIST_KEY_NSPrincipalClass = NSApplication;
				LD_RUNPATH_SEARCH_PATHS = (
					"$(inherited)",
					"@executable_path/../Frameworks",
				);
				MARKETING_VERSION = 1.0;
				PRODUCT_BUNDLE_IDENTIFIER = "SFNWA.Hours-Tracker";
				PRODUCT_NAME = "$(TARGET_NAME)";
				SWIFT_EMIT_LOC_STRINGS = YES;
				SWIFT_VERSION = 5.0;
			};
			name = Release;
		};
		2A8327BA2A5F4DE0007CE35F /* Debug */ = {
			isa = XCBuildConfiguration;
			buildSettings = {
				ALWAYS_EMBED_SWIFT_STANDARD_LIBRARIES = YES;
				BUNDLE_LOADER = "$(TEST_HOST)";
				CODE_SIGN_STYLE = Automatic;
				CURRENT_PROJECT_VERSION = 1;
				GENERATE_INFOPLIST_FILE = YES;
				MACOSX_DEPLOYMENT_TARGET = 13.0;
				MARKETING_VERSION = 1.0;
				PRODUCT_BUNDLE_IDENTIFIER = "SFNWA.Hours-TrackerTests";
				PRODUCT_NAME = "$(TARGET_NAME)";
				SWIFT_EMIT_LOC_STRINGS = NO;
				SWIFT_VERSION = 5.0;
				TEST_HOST = "$(BUILT_PRODUCTS_DIR)/Hours Tracker.app/$(BUNDLE_EXECUTABLE_FOLDER_PATH)/Hours Tracker";
			};
			name = Debug;
		};
		2A8327BB2A5F4DE0007CE35F /* Release */ = {
			isa = XCBuildConfiguration;
			buildSettings = {
				ALWAYS_EMBED_SWIFT_STANDARD_LIBRARIES = YES;
				BUNDLE_LOADER = "$(TEST_HOST)";
				CODE_SIGN_STYLE = Automatic;
				CURRENT_PROJECT_VERSION = 1;
				GENERATE_INFOPLIST_FILE = YES;
				MACOSX_DEPLOYMENT_TARGET = 13.0;
				MARKETING_VERSION = 1.0;
				PRODUCT_BUNDLE_IDENTIFIER = "SFNWA.Hours-TrackerTests";
				PRODUCT_NAME = "$(TARGET_NAME)";
				SWIFT_EMIT_LOC_STRINGS = NO;
				SWIFT_VERSION = 5.0;
				TEST_HOST = "$(BUILT_PRODUCTS_DIR)/Hours Tracker.app/$(BUNDLE_EXECUTABLE_FOLDER_PATH)/Hours Tracker";
			};
			name = Release;
		};
		2A8327BD2A5F4DE0007CE35F /* Debug */ = {
			isa = XCBuildConfiguration;
			buildSettings = {
				ALWAYS_EMBED_SWIFT_STANDARD_LIBRARIES = YES;
				CODE_SIGN_STYLE = Automatic;
				CURRENT_PROJECT_VERSION = 1;
				GENERATE_INFOPLIST_FILE = YES;
				MARKETING_VERSION = 1.0;
				PRODUCT_BUNDLE_IDENTIFIER = "SFNWA.Hours-TrackerUITests";
				PRODUCT_NAME = "$(TARGET_NAME)";
				SWIFT_EMIT_LOC_STRINGS = NO;
				SWIFT_VERSION = 5.0;
				TEST_TARGET_NAME = "Hours Tracker";
			};
			name = Debug;
		};
		2A8327BE2A5F4DE0007CE35F /* Release */ = {
			isa = XCBuildConfiguration;
			buildSettings = {
				ALWAYS_EMBED_SWIFT_STANDARD_LIBRARIES = YES;
				CODE_SIGN_STYLE = Automatic;
				CURRENT_PROJECT_VERSION = 1;
				GENERATE_INFOPLIST_FILE = YES;
				MARKETING_VERSION = 1.0;
				PRODUCT_BUNDLE_IDENTIFIER = "SFNWA.Hours-TrackerUITests";
				PRODUCT_NAME = "$(TARGET_NAME)";
				SWIFT_EMIT_LOC_STRINGS = NO;
				SWIFT_VERSION = 5.0;
				TEST_TARGET_NAME = "Hours Tracker";
			};
			name = Release;
		};
/* End XCBuildConfiguration section */

/* Begin XCConfigurationList section */
		2A83278C2A5F4DDF007CE35F /* Build configuration list for PBXProject "Hours Tracker" */ = {
			isa = XCConfigurationList;
			buildConfigurations = (
				2A8327B42A5F4DE0007CE35F /* Debug */,
				2A8327B52A5F4DE0007CE35F /* Release */,
			);
			defaultConfigurationIsVisible = 0;
			defaultConfigurationName = Release;
		};
		2A8327B62A5F4DE0007CE35F /* Build configuration list for PBXNativeTarget "Hours Tracker" */ = {
			isa = XCConfigurationList;
			buildConfigurations = (
				2A8327B72A5F4DE0007CE35F /* Debug */,
				2A8327B82A5F4DE0007CE35F /* Release */,
			);
			defaultConfigurationIsVisible = 0;
			defaultConfigurationName = Release;
		};
		2A8327B92A5F4DE0007CE35F /* Build configuration list for PBXNativeTarget "Hours TrackerTests" */ = {
			isa = XCConfigurationList;
			buildConfigurations = (
				2A8327BA2A5F4DE0007CE35F /* Debug */,
				2A8327BB2A5F4DE0007CE35F /* Release */,
			);
			defaultConfigurationIsVisible = 0;
			defaultConfigurationName = Release;
		};
		2A8327BC2A5F4DE0007CE35F /* Build configuration list for PBXNativeTarget "Hours TrackerUITests" */ = {
			isa = XCConfigurationList;
			buildConfigurations = (
				2A8327BD2A5F4DE0007CE35F /* Debug */,
				2A8327BE2A5F4DE0007CE35F /* Release */,
			);
			defaultConfigurationIsVisible = 0;
			defaultConfigurationName = Release;
		};
/* End XCConfigurationList section */
	};
	rootObject = 2A8327892A5F4DDF007CE35F /* Project object */;
}
